
Microsoft Visual Studio Solution File, Format Version 12.00
# Visual Studio Version 16
VisualStudioVersion = 16.0.31702.278
MinimumVisualStudioVersion = 10.0.40219.1
Project("{9A19103F-16F7-4668-BE54-9A1E7A4F7556}") = "APIBase.Core", "APIBase.Core\APIBase.Core.csproj", "{7E73163D-2197-473C-B9BF-3655DD0EE24C}"
EndProject
Project("{9A19103F-16F7-4668-BE54-9A1E7A4F7556}") = "APIBase.DAO", "APIBase.DAO\APIBase.DAO.csproj", "{DA8A5F0F-5F00-41AA-8811-ACEB6EA05A4F}"
EndProject
Project("{FAE04EC0-301F-11D3-BF4B-00C04F79EFBC}") = "APIBase.ASPTools.Server", "APIBase.ASPTools.Server\APIBase.ASPTools.Server.csproj", "{7A5363AC-D3E8-406F-92D8-45FBABAD8326}"
EndProject
Project("{9A19103F-16F7-4668-BE54-9A1E7A4F7556}") = "APIBase.ASPTools.Base", "APIBase.ASPTools.Base\APIBase.ASPTools.Base.csproj", "{056D8B76-937C-4CFC-9DEA-C8B5683CE20E}"
EndProject
Global
	GlobalSection(SolutionConfigurationPlatforms) = preSolution
		Debug|Any CPU = Debug|Any CPU
		Release|Any CPU = Release|Any CPU
	EndGlobalSection
	GlobalSection(ProjectConfigurationPlatforms) = postSolution
		{7E73163D-2197-473C-B9BF-3655DD0EE24C}.Debug|Any CPU.ActiveCfg = Debug|Any CPU
		{7E73163D-2197-473C-B9BF-3655DD0EE24C}.Debug|Any CPU.Build.0 = Debug|Any CPU
		{7E73163D-2197-473C-B9BF-3655DD0EE24C}.Release|Any CPU.ActiveCfg = Release|Any CPU
		{7E73163D-2197-473C-B9BF-3655DD0EE24C}.Release|Any CPU.Build.0 = Release|Any CPU
		{DA8A5F0F-5F00-41AA-8811-ACEB6EA05A4F}.Debug|Any CPU.ActiveCfg = Debug|Any CPU
		{DA8A5F0F-5F00-41AA-8811-ACEB6EA05A4F}.Debug|Any CPU.Build.0 = Debug|Any CPU
		{DA8A5F0F-5F00-41AA-8811-ACEB6EA05A4F}.Release|Any CPU.ActiveCfg = Release|Any CPU
		{DA8A5F0F-5F00-41AA-8811-ACEB6EA05A4F}.Release|Any CPU.Build.0 = Release|Any CPU
		{7A5363AC-D3E8-406F-92D8-45FBABAD8326}.Debug|Any CPU.ActiveCfg = Debug|Any CPU
		{7A5363AC-D3E8-406F-92D8-45FBABAD8326}.Debug|Any CPU.Build.0 = Debug|Any CPU
		{7A5363AC-D3E8-406F-92D8-45FBABAD8326}.Release|Any CPU.ActiveCfg = Release|Any CPU
		{7A5363AC-D3E8-406F-92D8-45FBABAD8326}.Release|Any CPU.Build.0 = Release|Any CPU
		{056D8B76-937C-4CFC-9DEA-C8B5683CE20E}.Debug|Any CPU.ActiveCfg = Debug|Any CPU
		{056D8B76-937C-4CFC-9DEA-C8B5683CE20E}.Debug|Any CPU.Build.0 = Debug|Any CPU
		{056D8B76-937C-4CFC-9DEA-C8B5683CE20E}.Release|Any CPU.ActiveCfg = Release|Any CPU
		{056D8B76-937C-4CFC-9DEA-C8B5683CE20E}.Release|Any CPU.Build.0 = Release|Any CPU
	EndGlobalSection
	GlobalSection(SolutionProperties) = preSolution
		HideSolutionNode = FALSE
	EndGlobalSection
	GlobalSection(ExtensibilityGlobals) = postSolution
		SolutionGuid = {0B7B3839-835D-4700-B766-9BDEE8ED4CB1}
	EndGlobalSection
EndGlobal
