
Microsoft Visual Studio Solution File, Format Version 12.00
# Visual Studio Version 17
VisualStudioVersion = 17.0.31903.59
MinimumVisualStudioVersion = 10.0.40219.1
Project("{9A19103F-16F7-4668-BE54-9A1E7A4F7556}") = "APITools.Core.Base", "APITools.Core.Base\APITools.Core.Base.csproj", "{2895122D-D3B5-4776-A3F7-15B08FFCC4FB}"
EndProject
Project("{9A19103F-16F7-4668-BE54-9A1E7A4F7556}") = "APITools.Core.Server", "APITools.Core.Server\APITools.Core.Server.csproj", "{7666C256-9F71-4355-9F3A-7C95BFD37349}"
EndProject
Project("{9A19103F-16F7-4668-BE54-9A1E7A4F7556}") = "APITools.DAO", "APITools.DAO\APITools.DAO.csproj", "{8AEFF240-5428-461F-8B7B-6153E7B8670C}"
EndProject
Project("{9A19103F-16F7-4668-BE54-9A1E7A4F7556}") = "APITools.ASP.Base", "APITools.ASP.Base\APITools.ASP.Base.csproj", "{8AB91842-F934-4BFE-81E9-CA5B3E65BA2A}"
EndProject
Project("{9A19103F-16F7-4668-BE54-9A1E7A4F7556}") = "APITools.ASP.Client", "APITools.ASP.Client\APITools.ASP.Client.csproj", "{AEFF2E52-9E77-465E-843E-04FF72BE79C3}"
EndProject
Project("{9A19103F-16F7-4668-BE54-9A1E7A4F7556}") = "APITools.ASP.Server", "APITools.ASP.Server\APITools.ASP.Server.csproj", "{A5B85CCE-4A1A-48C2-8B0F-CE381B12ECFB}"
EndProject
Global
	GlobalSection(SolutionConfigurationPlatforms) = preSolution
		Debug|Any CPU = Debug|Any CPU
		Debug|ARM32 = Debug|ARM32
		Debug|ARM64 = Debug|ARM64
		Debug|x64 = Debug|x64
		Debug|x86 = Debug|x86
		Release|Any CPU = Release|Any CPU
		Release|ARM32 = Release|ARM32
		Release|ARM64 = Release|ARM64
		Release|x64 = Release|x64
		Release|x86 = Release|x86
	EndGlobalSection
	GlobalSection(ProjectConfigurationPlatforms) = postSolution
		{2895122D-D3B5-4776-A3F7-15B08FFCC4FB}.Debug|Any CPU.ActiveCfg = Debug|Any CPU
		{2895122D-D3B5-4776-A3F7-15B08FFCC4FB}.Debug|Any CPU.Build.0 = Debug|Any CPU
		{2895122D-D3B5-4776-A3F7-15B08FFCC4FB}.Debug|ARM32.ActiveCfg = Debug|ARM32
		{2895122D-D3B5-4776-A3F7-15B08FFCC4FB}.Debug|ARM32.Build.0 = Debug|ARM32
		{2895122D-D3B5-4776-A3F7-15B08FFCC4FB}.Debug|ARM64.ActiveCfg = Debug|ARM64
		{2895122D-D3B5-4776-A3F7-15B08FFCC4FB}.Debug|ARM64.Build.0 = Debug|ARM64
		{2895122D-D3B5-4776-A3F7-15B08FFCC4FB}.Debug|x64.ActiveCfg = Debug|x64
		{2895122D-D3B5-4776-A3F7-15B08FFCC4FB}.Debug|x64.Build.0 = Debug|x64
		{2895122D-D3B5-4776-A3F7-15B08FFCC4FB}.Debug|x86.ActiveCfg = Debug|x86
		{2895122D-D3B5-4776-A3F7-15B08FFCC4FB}.Debug|x86.Build.0 = Debug|x86
		{2895122D-D3B5-4776-A3F7-15B08FFCC4FB}.Release|Any CPU.ActiveCfg = Release|Any CPU
		{2895122D-D3B5-4776-A3F7-15B08FFCC4FB}.Release|Any CPU.Build.0 = Release|Any CPU
		{2895122D-D3B5-4776-A3F7-15B08FFCC4FB}.Release|ARM32.ActiveCfg = Release|ARM32
		{2895122D-D3B5-4776-A3F7-15B08FFCC4FB}.Release|ARM32.Build.0 = Release|ARM32
		{2895122D-D3B5-4776-A3F7-15B08FFCC4FB}.Release|ARM64.ActiveCfg = Release|ARM64
		{2895122D-D3B5-4776-A3F7-15B08FFCC4FB}.Release|ARM64.Build.0 = Release|ARM64
		{2895122D-D3B5-4776-A3F7-15B08FFCC4FB}.Release|x64.ActiveCfg = Release|x64
		{2895122D-D3B5-4776-A3F7-15B08FFCC4FB}.Release|x64.Build.0 = Release|x64
		{2895122D-D3B5-4776-A3F7-15B08FFCC4FB}.Release|x86.ActiveCfg = Release|x86
		{2895122D-D3B5-4776-A3F7-15B08FFCC4FB}.Release|x86.Build.0 = Release|x86
		{7666C256-9F71-4355-9F3A-7C95BFD37349}.Debug|Any CPU.ActiveCfg = Debug|Any CPU
		{7666C256-9F71-4355-9F3A-7C95BFD37349}.Debug|Any CPU.Build.0 = Debug|Any CPU
		{7666C256-9F71-4355-9F3A-7C95BFD37349}.Debug|ARM32.ActiveCfg = Debug|ARM32
		{7666C256-9F71-4355-9F3A-7C95BFD37349}.Debug|ARM32.Build.0 = Debug|ARM32
		{7666C256-9F71-4355-9F3A-7C95BFD37349}.Debug|ARM64.ActiveCfg = Debug|ARM64
		{7666C256-9F71-4355-9F3A-7C95BFD37349}.Debug|ARM64.Build.0 = Debug|ARM64
		{7666C256-9F71-4355-9F3A-7C95BFD37349}.Debug|x64.ActiveCfg = Debug|x64
		{7666C256-9F71-4355-9F3A-7C95BFD37349}.Debug|x64.Build.0 = Debug|x64
		{7666C256-9F71-4355-9F3A-7C95BFD37349}.Debug|x86.ActiveCfg = Debug|x86
		{7666C256-9F71-4355-9F3A-7C95BFD37349}.Debug|x86.Build.0 = Debug|x86
		{7666C256-9F71-4355-9F3A-7C95BFD37349}.Release|Any CPU.ActiveCfg = Release|Any CPU
		{7666C256-9F71-4355-9F3A-7C95BFD37349}.Release|Any CPU.Build.0 = Release|Any CPU
		{7666C256-9F71-4355-9F3A-7C95BFD37349}.Release|ARM32.ActiveCfg = Release|ARM32
		{7666C256-9F71-4355-9F3A-7C95BFD37349}.Release|ARM32.Build.0 = Release|ARM32
		{7666C256-9F71-4355-9F3A-7C95BFD37349}.Release|ARM64.ActiveCfg = Release|ARM64
		{7666C256-9F71-4355-9F3A-7C95BFD37349}.Release|ARM64.Build.0 = Release|ARM64
		{7666C256-9F71-4355-9F3A-7C95BFD37349}.Release|x64.ActiveCfg = Release|x64
		{7666C256-9F71-4355-9F3A-7C95BFD37349}.Release|x64.Build.0 = Release|x64
		{7666C256-9F71-4355-9F3A-7C95BFD37349}.Release|x86.ActiveCfg = Release|x86
		{7666C256-9F71-4355-9F3A-7C95BFD37349}.Release|x86.Build.0 = Release|x86
		{8AEFF240-5428-461F-8B7B-6153E7B8670C}.Debug|Any CPU.ActiveCfg = Debug|Any CPU
		{8AEFF240-5428-461F-8B7B-6153E7B8670C}.Debug|Any CPU.Build.0 = Debug|Any CPU
		{8AEFF240-5428-461F-8B7B-6153E7B8670C}.Debug|ARM32.ActiveCfg = Debug|ARM32
		{8AEFF240-5428-461F-8B7B-6153E7B8670C}.Debug|ARM32.Build.0 = Debug|ARM32
		{8AEFF240-5428-461F-8B7B-6153E7B8670C}.Debug|ARM64.ActiveCfg = Debug|ARM64
		{8AEFF240-5428-461F-8B7B-6153E7B8670C}.Debug|ARM64.Build.0 = Debug|ARM64
		{8AEFF240-5428-461F-8B7B-6153E7B8670C}.Debug|x64.ActiveCfg = Debug|x64
		{8AEFF240-5428-461F-8B7B-6153E7B8670C}.Debug|x64.Build.0 = Debug|x64
		{8AEFF240-5428-461F-8B7B-6153E7B8670C}.Debug|x86.ActiveCfg = Debug|x86
		{8AEFF240-5428-461F-8B7B-6153E7B8670C}.Debug|x86.Build.0 = Debug|x86
		{8AEFF240-5428-461F-8B7B-6153E7B8670C}.Release|Any CPU.ActiveCfg = Release|Any CPU
		{8AEFF240-5428-461F-8B7B-6153E7B8670C}.Release|Any CPU.Build.0 = Release|Any CPU
		{8AEFF240-5428-461F-8B7B-6153E7B8670C}.Release|ARM32.ActiveCfg = Release|ARM32
		{8AEFF240-5428-461F-8B7B-6153E7B8670C}.Release|ARM32.Build.0 = Release|ARM32
		{8AEFF240-5428-461F-8B7B-6153E7B8670C}.Release|ARM64.ActiveCfg = Release|ARM64
		{8AEFF240-5428-461F-8B7B-6153E7B8670C}.Release|ARM64.Build.0 = Release|ARM64
		{8AEFF240-5428-461F-8B7B-6153E7B8670C}.Release|x64.ActiveCfg = Release|x64
		{8AEFF240-5428-461F-8B7B-6153E7B8670C}.Release|x64.Build.0 = Release|x64
		{8AEFF240-5428-461F-8B7B-6153E7B8670C}.Release|x86.ActiveCfg = Release|x86
		{8AEFF240-5428-461F-8B7B-6153E7B8670C}.Release|x86.Build.0 = Release|x86
		{8AB91842-F934-4BFE-81E9-CA5B3E65BA2A}.Debug|Any CPU.ActiveCfg = Debug|Any CPU
		{8AB91842-F934-4BFE-81E9-CA5B3E65BA2A}.Debug|Any CPU.Build.0 = Debug|Any CPU
		{8AB91842-F934-4BFE-81E9-CA5B3E65BA2A}.Debug|ARM32.ActiveCfg = Debug|ARM32
		{8AB91842-F934-4BFE-81E9-CA5B3E65BA2A}.Debug|ARM32.Build.0 = Debug|ARM32
		{8AB91842-F934-4BFE-81E9-CA5B3E65BA2A}.Debug|ARM64.ActiveCfg = Debug|ARM64
		{8AB91842-F934-4BFE-81E9-CA5B3E65BA2A}.Debug|ARM64.Build.0 = Debug|ARM64
		{8AB91842-F934-4BFE-81E9-CA5B3E65BA2A}.Debug|x64.ActiveCfg = Debug|x64
		{8AB91842-F934-4BFE-81E9-CA5B3E65BA2A}.Debug|x64.Build.0 = Debug|x64
		{8AB91842-F934-4BFE-81E9-CA5B3E65BA2A}.Debug|x86.ActiveCfg = Debug|x86
		{8AB91842-F934-4BFE-81E9-CA5B3E65BA2A}.Debug|x86.Build.0 = Debug|x86
		{8AB91842-F934-4BFE-81E9-CA5B3E65BA2A}.Release|Any CPU.ActiveCfg = Release|Any CPU
		{8AB91842-F934-4BFE-81E9-CA5B3E65BA2A}.Release|Any CPU.Build.0 = Release|Any CPU
		{8AB91842-F934-4BFE-81E9-CA5B3E65BA2A}.Release|ARM32.ActiveCfg = Release|ARM32
		{8AB91842-F934-4BFE-81E9-CA5B3E65BA2A}.Release|ARM32.Build.0 = Release|ARM32
		{8AB91842-F934-4BFE-81E9-CA5B3E65BA2A}.Release|ARM64.ActiveCfg = Release|ARM64
		{8AB91842-F934-4BFE-81E9-CA5B3E65BA2A}.Release|ARM64.Build.0 = Release|ARM64
		{8AB91842-F934-4BFE-81E9-CA5B3E65BA2A}.Release|x64.ActiveCfg = Release|x64
		{8AB91842-F934-4BFE-81E9-CA5B3E65BA2A}.Release|x64.Build.0 = Release|x64
		{8AB91842-F934-4BFE-81E9-CA5B3E65BA2A}.Release|x86.ActiveCfg = Release|x86
		{8AB91842-F934-4BFE-81E9-CA5B3E65BA2A}.Release|x86.Build.0 = Release|x86
		{AEFF2E52-9E77-465E-843E-04FF72BE79C3}.Debug|Any CPU.ActiveCfg = Debug|Any CPU
		{AEFF2E52-9E77-465E-843E-04FF72BE79C3}.Debug|Any CPU.Build.0 = Debug|Any CPU
		{AEFF2E52-9E77-465E-843E-04FF72BE79C3}.Debug|ARM32.ActiveCfg = Debug|ARM32
		{AEFF2E52-9E77-465E-843E-04FF72BE79C3}.Debug|ARM32.Build.0 = Debug|ARM32
		{AEFF2E52-9E77-465E-843E-04FF72BE79C3}.Debug|ARM64.ActiveCfg = Debug|ARM64
		{AEFF2E52-9E77-465E-843E-04FF72BE79C3}.Debug|ARM64.Build.0 = Debug|ARM64
		{AEFF2E52-9E77-465E-843E-04FF72BE79C3}.Debug|x64.ActiveCfg = Debug|x64
		{AEFF2E52-9E77-465E-843E-04FF72BE79C3}.Debug|x64.Build.0 = Debug|x64
		{AEFF2E52-9E77-465E-843E-04FF72BE79C3}.Debug|x86.ActiveCfg = Debug|x86
		{AEFF2E52-9E77-465E-843E-04FF72BE79C3}.Debug|x86.Build.0 = Debug|x86
		{AEFF2E52-9E77-465E-843E-04FF72BE79C3}.Release|Any CPU.ActiveCfg = Release|Any CPU
		{AEFF2E52-9E77-465E-843E-04FF72BE79C3}.Release|Any CPU.Build.0 = Release|Any CPU
		{AEFF2E52-9E77-465E-843E-04FF72BE79C3}.Release|ARM32.ActiveCfg = Release|ARM32
		{AEFF2E52-9E77-465E-843E-04FF72BE79C3}.Release|ARM32.Build.0 = Release|ARM32
		{AEFF2E52-9E77-465E-843E-04FF72BE79C3}.Release|ARM64.ActiveCfg = Release|ARM64
		{AEFF2E52-9E77-465E-843E-04FF72BE79C3}.Release|ARM64.Build.0 = Release|ARM64
		{AEFF2E52-9E77-465E-843E-04FF72BE79C3}.Release|x64.ActiveCfg = Release|x64
		{AEFF2E52-9E77-465E-843E-04FF72BE79C3}.Release|x64.Build.0 = Release|x64
		{AEFF2E52-9E77-465E-843E-04FF72BE79C3}.Release|x86.ActiveCfg = Release|x86
		{AEFF2E52-9E77-465E-843E-04FF72BE79C3}.Release|x86.Build.0 = Release|x86
		{A5B85CCE-4A1A-48C2-8B0F-CE381B12ECFB}.Debug|Any CPU.ActiveCfg = Debug|Any CPU
		{A5B85CCE-4A1A-48C2-8B0F-CE381B12ECFB}.Debug|Any CPU.Build.0 = Debug|Any CPU
		{A5B85CCE-4A1A-48C2-8B0F-CE381B12ECFB}.Debug|ARM32.ActiveCfg = Debug|ARM32
		{A5B85CCE-4A1A-48C2-8B0F-CE381B12ECFB}.Debug|ARM32.Build.0 = Debug|ARM32
		{A5B85CCE-4A1A-48C2-8B0F-CE381B12ECFB}.Debug|ARM64.ActiveCfg = Debug|ARM64
		{A5B85CCE-4A1A-48C2-8B0F-CE381B12ECFB}.Debug|ARM64.Build.0 = Debug|ARM64
		{A5B85CCE-4A1A-48C2-8B0F-CE381B12ECFB}.Debug|x64.ActiveCfg = Debug|x64
		{A5B85CCE-4A1A-48C2-8B0F-CE381B12ECFB}.Debug|x64.Build.0 = Debug|x64
		{A5B85CCE-4A1A-48C2-8B0F-CE381B12ECFB}.Debug|x86.ActiveCfg = Debug|x86
		{A5B85CCE-4A1A-48C2-8B0F-CE381B12ECFB}.Debug|x86.Build.0 = Debug|x86
		{A5B85CCE-4A1A-48C2-8B0F-CE381B12ECFB}.Release|Any CPU.ActiveCfg = Release|Any CPU
		{A5B85CCE-4A1A-48C2-8B0F-CE381B12ECFB}.Release|Any CPU.Build.0 = Release|Any CPU
		{A5B85CCE-4A1A-48C2-8B0F-CE381B12ECFB}.Release|ARM32.ActiveCfg = Release|ARM32
		{A5B85CCE-4A1A-48C2-8B0F-CE381B12ECFB}.Release|ARM32.Build.0 = Release|ARM32
		{A5B85CCE-4A1A-48C2-8B0F-CE381B12ECFB}.Release|ARM64.ActiveCfg = Release|ARM64
		{A5B85CCE-4A1A-48C2-8B0F-CE381B12ECFB}.Release|ARM64.Build.0 = Release|ARM64
		{A5B85CCE-4A1A-48C2-8B0F-CE381B12ECFB}.Release|x64.ActiveCfg = Release|x64
		{A5B85CCE-4A1A-48C2-8B0F-CE381B12ECFB}.Release|x64.Build.0 = Release|x64
		{A5B85CCE-4A1A-48C2-8B0F-CE381B12ECFB}.Release|x86.ActiveCfg = Release|x86
		{A5B85CCE-4A1A-48C2-8B0F-CE381B12ECFB}.Release|x86.Build.0 = Release|x86
	EndGlobalSection
	GlobalSection(SolutionProperties) = preSolution
		HideSolutionNode = FALSE
	EndGlobalSection
	GlobalSection(ExtensibilityGlobals) = postSolution
		SolutionGuid = {0B7B3839-835D-4700-B766-9BDEE8ED4CB1}
	EndGlobalSection
EndGlobal
